
Microsoft Visual Studio Solution File, Format Version 12.00
# Visual Studio 15
VisualStudioVersion = 15.0.27428.2002
MinimumVisualStudioVersion = 10.0.40219.1
Project("{FAE04EC0-301F-11D3-BF4B-00C04F79EFBC}") = "PriceConverter", "PriceConverter\PriceConverter.csproj", "{A2C5AABD-0417-457E-98C3-4B960BF0E4F7}"
EndProject
Project("{2150E333-8FDC-42A3-9474-1A3956D46DE8}") = "Tests", "Tests", "{80FB8F86-B96E-4508-8EAA-DAB7456EF07A}"
EndProject
Project("{FAE04EC0-301F-11D3-BF4B-00C04F79EFBC}") = "PriceConverter.Tests", "PriceConverter.Tests\PriceConverter.Tests.csproj", "{5473D2C6-10AA-44D9-9D51-B3EB75A50459}"
EndProject
Global
	GlobalSection(SolutionConfigurationPlatforms) = preSolution
		Debug|Any CPU = Debug|Any CPU
		Release|Any CPU = Release|Any CPU
	EndGlobalSection
	GlobalSection(ProjectConfigurationPlatforms) = postSolution
		{A2C5AABD-0417-457E-98C3-4B960BF0E4F7}.Debug|Any CPU.ActiveCfg = Debug|Any CPU
		{A2C5AABD-0417-457E-98C3-4B960BF0E4F7}.Debug|Any CPU.Build.0 = Debug|Any CPU
		{A2C5AABD-0417-457E-98C3-4B960BF0E4F7}.Release|Any CPU.ActiveCfg = Release|Any CPU
		{A2C5AABD-0417-457E-98C3-4B960BF0E4F7}.Release|Any CPU.Build.0 = Release|Any CPU
		{5473D2C6-10AA-44D9-9D51-B3EB75A50459}.Debug|Any CPU.ActiveCfg = Debug|Any CPU
		{5473D2C6-10AA-44D9-9D51-B3EB75A50459}.Debug|Any CPU.Build.0 = Debug|Any CPU
		{5473D2C6-10AA-44D9-9D51-B3EB75A50459}.Release|Any CPU.ActiveCfg = Release|Any CPU
		{5473D2C6-10AA-44D9-9D51-B3EB75A50459}.Release|Any CPU.Build.0 = Release|Any CPU
	EndGlobalSection
	GlobalSection(SolutionProperties) = preSolution
		HideSolutionNode = FALSE
	EndGlobalSection
	GlobalSection(NestedProjects) = preSolution
		{5473D2C6-10AA-44D9-9D51-B3EB75A50459} = {80FB8F86-B96E-4508-8EAA-DAB7456EF07A}
	EndGlobalSection
	GlobalSection(ExtensibilityGlobals) = postSolution
		SolutionGuid = {1B51A017-F996-46BD-874D-E25A0918756C}
	EndGlobalSection
EndGlobal
